# THIS IS AN AUTOGENERATED FILE. DO NOT EDIT THIS FILE DIRECTLY.
# yarn lockfile v1


"@alloc/quick-lru@^5.2.0":
  version "5.2.0"
  resolved "https://registry.npmjs.org/@alloc/quick-lru/-/quick-lru-5.2.0.tgz"
  integrity sha512-UrcABB+4bUrFABwbluTIBErXwvbsU/V7TZWfmbgJfbkwiBuziS9gxdODUyuiecfdGQ85jglMW6juS3+z5TsKLw==

"@babel/runtime@^7.15.4", "@babel/runtime@^7.24.7", "@babel/runtime@^7.25.0", "@babel/runtime@^7.3.1":
  version "7.26.0"
  resolved "https://registry.npmjs.org/@babel/runtime/-/runtime-7.26.0.tgz"
  integrity sha512-FDSOghenHTiToteC/QRlv2q3DhPZ/oOXTBoirfWNx1Cx3TMVcGWQtMMmQcSvb/JjpNeGzx8Pq/b4fKEJuWm1sw==
  dependencies:
    regenerator-runtime "^0.14.0"

"@bonfida/sns-records@0.0.1":
  version "0.0.1"
  resolved "https://registry.npmjs.org/@bonfida/sns-records/-/sns-records-0.0.1.tgz"
  integrity sha512-i28w9+BMFufhhpmLQCNx1CKKXTsEn+5RT18VFpPqdGO3sqaYlnUWC1m3wDpOvlzGk498dljgRpRo5wmcsnuEMg==
  dependencies:
    borsh "1.0.0"
    bs58 "5.0.0"
    buffer "^6.0.3"

"@bonfida/spl-name-service@^3.0.7":
  version "3.0.7"
  resolved "https://registry.npmjs.org/@bonfida/spl-name-service/-/spl-name-service-3.0.7.tgz"
  integrity sha512-okOLXhy+fQoiQ/sZgMleO5RrIZfTkWEoHMxWgUqg6RP/MTBlrKxlhKC6ymKn4UUe0C5s3Nb8A+3Ams7vX0nMDg==
  dependencies:
    "@bonfida/sns-records" "0.0.1"
    "@noble/curves" "^1.4.0"
    "@scure/base" "^1.1.6"
    "@solana/spl-token" "0.4.6"
    borsh "2.0.0"
    buffer "^6.0.3"
    graphemesplit "^2.4.4"
    ipaddr.js "^2.2.0"
    punycode "^2.3.1"

"@cfworker/json-schema@^4.0.2":
  version "4.0.3"
  resolved "https://registry.npmjs.org/@cfworker/json-schema/-/json-schema-4.0.3.tgz"
  integrity sha512-ZykIcDTVv5UNmKWSTLAs3VukO6NDJkkSKxrgUTDPBkAlORVT3H9n5DbRjRl8xIotklscHdbLIa0b9+y3mQq73g==

"@coral-xyz/anchor@^0.28.0":
  version "0.28.0"
  resolved "https://registry.npmjs.org/@coral-xyz/anchor/-/anchor-0.28.0.tgz"
  integrity sha512-kQ02Hv2ZqxtWP30WN1d4xxT4QqlOXYDxmEd3k/bbneqhV3X5QMO4LAtoUFs7otxyivOgoqam5Il5qx81FuI4vw==
  dependencies:
    "@coral-xyz/borsh" "^0.28.0"
    "@solana/web3.js" "^1.68.0"
    base64-js "^1.5.1"
    bn.js "^5.1.2"
    bs58 "^4.0.1"
    buffer-layout "^1.2.2"
    camelcase "^6.3.0"
    cross-fetch "^3.1.5"
    crypto-hash "^1.3.0"
    eventemitter3 "^4.0.7"
    js-sha256 "^0.9.0"
    pako "^2.0.3"
    snake-case "^3.0.4"
    superstruct "^0.15.4"
    toml "^3.0.0"

"@coral-xyz/anchor@^0.29.0", "@coral-xyz/anchor@~0.29.0", "@coral-xyz/anchor@0.29", "@coral-xyz/anchor@0.29.0":
  version "0.29.0"
  resolved "https://registry.npmjs.org/@coral-xyz/anchor/-/anchor-0.29.0.tgz"
  integrity sha512-eny6QNG0WOwqV0zQ7cs/b1tIuzZGmP7U7EcH+ogt4Gdbl8HDmIYVMh/9aTmYZPaFWjtUaI8qSn73uYEXWfATdA==
  dependencies:
    "@coral-xyz/borsh" "^0.29.0"
    "@noble/hashes" "^1.3.1"
    "@solana/web3.js" "^1.68.0"
    bn.js "^5.1.2"
    bs58 "^4.0.1"
    buffer-layout "^1.2.2"
    camelcase "^6.3.0"
    cross-fetch "^3.1.5"
    crypto-hash "^1.3.0"
    eventemitter3 "^4.0.7"
    pako "^2.0.3"
    snake-case "^3.0.4"
    superstruct "^0.15.4"
    toml "^3.0.0"

"@coral-xyz/borsh@^0.28.0":
  version "0.28.0"
  resolved "https://registry.npmjs.org/@coral-xyz/borsh/-/borsh-0.28.0.tgz"
  integrity sha512-/u1VTzw7XooK7rqeD7JLUSwOyRSesPUk0U37BV9zK0axJc1q0nRbKFGFLYCQ16OtdOJTTwGfGp11Lx9B45bRCQ==
  dependencies:
    bn.js "^5.1.2"
    buffer-layout "^1.2.0"

"@coral-xyz/borsh@^0.29.0":
  version "0.29.0"
  resolved "https://registry.npmjs.org/@coral-xyz/borsh/-/borsh-0.29.0.tgz"
  integrity sha512-s7VFVa3a0oqpkuRloWVPdCK7hMbAMY270geZOGfCnaqexrP5dTIpbEHL33req6IYPPJ0hYa71cdvJ1h6V55/oQ==
  dependencies:
    bn.js "^5.1.2"
    buffer-layout "^1.2.0"

"@cspotcode/source-map-support@^0.8.0":
  version "0.8.1"
  resolved "https://registry.npmjs.org/@cspotcode/source-map-support/-/source-map-support-0.8.1.tgz"
  integrity sha512-IchNf6dN4tHoMFIn/7OE8LWZ19Y6q/67Bmf6vnGREv8RSbBVb9LPJxEcnwrcwX6ixSvaiGoomAUvu4YSxXrVgw==
  dependencies:
    "@jridgewell/trace-mapping" "0.3.9"

"@eslint-community/eslint-utils@^4.2.0", "@eslint-community/eslint-utils@^4.4.0":
  version "4.4.1"
  resolved "https://registry.npmjs.org/@eslint-community/eslint-utils/-/eslint-utils-4.4.1.tgz"
  integrity sha512-s3O3waFUrMV8P/XaF/+ZTp1X9XBZW1a4B97ZnjQF2KYWaFD2A8KyFBsrsfSjEvyAgLT8AUvhZwfl5b9gHX054A==
  dependencies:
    eslint-visitor-keys "^3.4.3"

"@eslint-community/regexpp@^4.10.0", "@eslint-community/regexpp@^4.12.1":
  version "4.12.1"
  resolved "https://registry.npmjs.org/@eslint-community/regexpp/-/regexpp-4.12.1.tgz"
  integrity sha512-CCZCDJugq9yYCJi79in49Ty+Ff8GZkFYyBOa52DJ8mAhiDDMuk9EZjzMTZtvjqB7th6eGVHltqJAKUu5swOIBg==

"@eslint/config-array@^0.19.0":
  version "0.19.1"
  resolved "https://registry.npmjs.org/@eslint/config-array/-/config-array-0.19.1.tgz"
  integrity sha512-gxIcTD6rtzHZH4K16HEyiQCBFc9Vx+PvzwzaxTvjNpjfXbqtdbl2yguRYUN2w8jrUrBpwEp4kZVdlV5xGnYV1w==
  dependencies:
    "@eslint/object-schema" "^2.1.5"
    debug "^4.3.1"
    minimatch "^3.1.2"

"@eslint/core@^0.9.0":
  version "0.9.1"
  resolved "https://registry.npmjs.org/@eslint/core/-/core-0.9.1.tgz"
  integrity sha512-GuUdqkyyzQI5RMIWkHhvTWLCyLO1qNK3vzejC7C64ug20ADsRDGcowdW/7EZXKM3FtWTI/rHNI6ThnuQfvQsoA==
  dependencies:
    "@types/json-schema" "^7.0.15"

"@eslint/eslintrc@^3", "@eslint/eslintrc@^3.2.0":
  version "3.2.0"
  resolved "https://registry.npmjs.org/@eslint/eslintrc/-/eslintrc-3.2.0.tgz"
  integrity sha512-grOjVNY3qAjK4NWRZoUqoQ6AjuFgP2oeVNb/K4lqh/AUFbaxuNgB+fy9u6cu1Yxy7mR3VSZBlOP7Aop9hj+MAA==
  dependencies:
    ajv "^6.12.4"
    debug "^4.3.2"
    espree "^10.0.1"
    globals "^14.0.0"
    ignore "^5.2.0"
    import-fresh "^3.2.1"
    js-yaml "^4.1.0"
    minimatch "^3.1.2"
    strip-json-comments "^3.1.1"

"@eslint/js@9.17.0":
  version "9.17.0"
  resolved "https://registry.npmjs.org/@eslint/js/-/js-9.17.0.tgz"
  integrity sha512-Sxc4hqcs1kTu0iID3kcZDW3JHq2a77HO9P8CP6YEA/FpH3Ll8WZhXrvCzg+NrKA2YD7+/Vm6wMK1RcUOEd4J8dg==

"@eslint/object-schema@^2.1.5":
  version "2.1.5"
  resolved "https://registry.npmjs.org/@eslint/object-schema/-/object-schema-2.1.5.tgz"
  integrity sha512-pGNUlkF4jtjmvqMAURt5zwIjfvlnB49v+7uV5/vHrIMLk4Hq/xMnuqjppu5LqtSgw+pD+gNxwiOStUBbKwUIiA==

"@eslint/plugin-kit@^0.2.3":
  version "0.2.4"
  resolved "https://registry.npmjs.org/@eslint/plugin-kit/-/plugin-kit-0.2.4.tgz"
  integrity sha512-zSkKow6H5Kdm0ZUQUB2kV5JIPw0pMp3vkQI5zK0aRnX0kY7WZhxBigmieN5Qnw9ZosSNvc9KQKyb+GUaGyKUAQ==
  dependencies:
    levn "^0.4.1"

"@humanfs/core@^0.19.1":
  version "0.19.1"
  resolved "https://registry.npmjs.org/@humanfs/core/-/core-0.19.1.tgz"
  integrity sha512-5DyQ4+1JEUzejeK1JGICcideyfUbGixgS9jNgex5nqkW+cY7WZhxBigmieN5Qnw9ZosSNvc9KQKyb+GUaGyKUA==

"@humanfs/node@^0.16.6":
  version "0.16.6"
  resolved "https://registry.npmjs.org/@humanfs/node/-/node-0.16.6.tgz"
  integrity sha512-YuI2ZHQL78Q5HbdDiBA1X4LmYdXCKCMQIfw0pw7piHJwyREFebJUvrQN4cMssyES6x+vfUbx1CIpaQUKYdQZOw==
  dependencies:
    "@humanfs/core" "^0.19.1"
    "@humanwhocodes/retry" "^0.3.0"

"@humanwhocodes/module-importer@^1.0.1":
  version "1.0.1"
  resolved "https://registry.npmjs.org/@humanwhocodes/module-importer/-/module-importer-1.0.1.tgz"
  integrity sha512-bxveV4V8v5Yb4ncFTT3rPSgZBOpCkjfK0y4oVVVJwIuDVBRMDXrPyXRL988i5ap9m9bnyEEjWfm5WkBmtffLfA==

"@humanwhocodes/retry@^0.3.0":
  version "0.3.1"
  resolved "https://registry.npmjs.org/@humanwhocodes/retry/-/retry-0.3.1.tgz"
  integrity sha512-c7hNElK5+G8x+Y/UYABrST3HZrR+l3f8J7lEjecbNZJjxgMjQ==

"@humanwhocodes/retry@^0.4.1":
  version "0.4.1"
  resolved "https://registry.npmjs.org/@humanwhocodes/retry/-/retry-0.4.1.tgz"
  integrity sha512-9xV+r4xhQOrU217qn9BQ+w0ZyPW7rjhlKbWusCbdkyI379X9KHjI1TocXsP3ceDlPaSEQ==

"@isaacs/cliui@^8.0.2":
  version "8.0.2"
  resolved "https://registry.npmjs.org/@isaacs/cliui/-/cliui-8.0.2.tgz"
  integrity sha512-O8jcjabXaleOG9DQ0+ARXWZBTfnP4WNAqzuiJK7ll44AmxGKv/J2M4TPjxjY3znBCfvBXFzucm1twdyFybFqEA==
  dependencies:
    string-width "^5.1.2"
    string-width-cjs "npm:string-width@^4.2.0"
    strip-ansi "^7.0.1"
    strip-ansi-cjs "npm:strip-ansi@^6.0.1"
    wrap-ansi "^8.1.0"
    wrap-ansi-cjs "npm:wrap-ansi@^7.0.0"

"@jridgewell/gen-mapping@^0.3.2":
  version "0.3.8"
  resolved "https://registry.npmjs.org/@jridgewell/gen-mapping/-/gen-mapping-0.3.8.tgz"
  integrity sha512-mh65xKQAzI6iBcFzwv28KVWSmCkdRBWoOh+bYQGW3+6OZvbbN3TqMGo5hqYxQniRcH9F2VZIoJCm4pa3BPDK/A==
  dependencies:
    "@jridgewell/set-array" "^1.2.1"
    "@jridgewell/sourcemap-codec" "^1.4.10"
    "@jridgewell/trace-mapping" "^0.3.24"

"@jridgewell/resolve-uri@^3.0.3", "@jridgewell/resolve-uri@^3.1.0":
  version "3.1.2"
  resolved "https://registry.npmjs.org/@jridgewell/resolve-uri/-/resolve-uri-3.1.2.tgz"
  integrity sha512-dLFmnyjzlL3Ue1m60ytRtNmFjkFmEqnADEitxkOdQ+6wEkoreR5jmx9gQoHJipNIm854Ys73sUsYQ36RmpTQQw==

"@jridgewell/set-array@^1.2.1":
  version "1.2.1"
  resolved "https://registry.npmjs.org/@jridgewell/set-array/-/set-array-1.2.1.tgz"
  integrity sha512-Ct5MqZkLGEXTVmQYbGtx9SVqD2fqwvdubdps5D3djjD4Vyz8RLxydjlxuHoWim8nCiRx4+tE6jUE/k8o/D+Q2Q==

"@jridgewell/sourcemap-codec@^1.4.10", "@jridgewell/sourcemap-codec@^1.4.14":
  version "1.5.0"
  resolved "https://registry.npmjs.org/@jridgewell/sourcemap-codec/-/sourcemap-codec-1.5.0.tgz"
  integrity sha512-oCtKjpmw3YDLl5lcS03BhcYVpN7Sk3X1yuGLJ44VirbA6upn+Gm0yw45YMoCIC/YZ+bwjhXKGvtPltxw==

"@jridgewell/trace-mapping@^0.3.24":
  version "0.3.25"
  resolved "https://registry.npmjs.org/@jridgewell/trace-mapping/-/trace-mapping-0.3.25.tgz"
  integrity sha512-3Belt6tdc8bPgAtbcmdtNJlirVoTmEb5e2gC94PnkwEW9jI6CAHUeoG85tjWP5WquqfavoMtMwiG4P926ZKKuQ==
  dependencies:
    "@jridgewell/resolve-uri" "^3.1.0"
    "@jridgewell/sourcemap-codec" "^1.4.14"

"@jridgewell/trace-mapping@0.3.9":
  version "0.3.9"
  resolved "https://registry.npmjs.org/@jridgewell/trace-mapping/-/trace-mapping-0.3.9.tgz"
  integrity sha512-3Belt6tdc8bPgAtbcmdtNJlirVoTmEb5e2gC94PnkwEW9jI6CAHUeoG85tjWP5WquqfavoMtMwiG4P926ZKKuQ==
  dependencies:
    "@jridgewell/resolve-uri" "^3.0.3"
    "@jridgewell/sourcemap-codec" "^1.4.10"

"@langchain/core@^0.3.18", "@langchain/core@>=0.2.21 <0.4.0", "@langchain/core@>=0.2.26 <0.4.0", "@langchain/core@>=0.2.31 <0.4.0", "@langchain/core@>=0.2.36 <0.3.0 || >=0.3.9 < 0.4.0":
  version "0.3.26"
  resolved "https://registry.npmjs.org/@langchain/core/-/core-0.3.26.tgz"
  integrity sha512-6RUQHEp8wv+JwtYIIEBYBzbLlcAQZFc7EDOgAM0ukExjh9HiXoJzoWpgMRRCrr/koIbtwXPJUqBprZK1I1CXHQ==
  dependencies:
    "@cfworker/json-schema" "^4.0.2"
    ansi-styles "^5.0.0"
    camelcase "6"
    decamelize "1.2.0"
    js-tiktoken "^1.0.12"
    langsmith "^0.2.8"
    mustache "^4.2.0"
    p-queue "^6.6.2"
    p-retry "4"
    uuid "^10.0.0"
    zod "^3.22.4"
    zod-to-json-schema "^3.22.3"

"@langchain/groq@*", "@langchain/groq@^0.1.2":
  version "0.1.2"
  resolved "https://registry.npmjs.org/@langchain/groq/-/groq-0.1.2.tgz"
  integrity sha512-bgQ9yGoNHOwG6LG2ngGvSNxF/1U1c1u3vKmFWmzecFIcBoQQOJY0jb0MrL3g1uTife0Sr3zxkWKXQg2aK/U4Sg==
  dependencies:
    "@langchain/openai" "~0.3.0"
    groq-sdk "^0.5.0"
    zod "^3.22.4"
    zod-to-json-schema "^3.22.5"

"@langchain/langgraph-checkpoint@~0.0.13":
  version "0.0.13"
  resolved "https://registry.npmjs.org/@langchain/langgraph-checkpoint/-/langgraph-checkpoint-0.0.13.tgz"
  integrity sha512-amdmBcNT8a9xP2VwcEWxqArne4gtRDcnVyVI4DsQIo1Aaz8e8+hH17zSwrUF3pt1pIYztngIfYnBOim31mtKMg==
  dependencies:
    uuid "^10.0.0"

"@langchain/langgraph-sdk@~0.0.21":
  version "0.0.32"
  resolved "https://registry.npmjs.org/@langchain/langgraph-sdk/-/langgraph-sdk-0.0.32.tgz"
  integrity sha512-KQyM9kLO7T6AxwNrceajH7JOybP3pYpvUPnhiI2rrVndI1WyZUJ1eVC1e722BVRAPi6o+WcoTT4uMSZVinPOtA==
  dependencies:
    "@types/json-schema" "^7.0.15"
    p-queue "^6.6.2"
    p-retry "4"
    uuid "^9.0.0"

"@langchain/langgraph@^0.2.27":
  version "0.2.34"
  resolved "https://registry.npmjs.org/@langchain/langgraph/-/langgraph-0.2.34.tgz"
  integrity sha512-fSlmLYre+Skh5XJgBGe5YRtXaHyGMTlhu5UN3LzIgA3E9CmGODvH+Ydyk5vJzhXMjnPpLr8icqlKxKrYmZ3gTw==
  dependencies:
    "@langchain/langgraph-checkpoint" "~0.0.13"
    "@langchain/langgraph-sdk" "~0.0.21"
    uuid "^10.0.0"
    zod "^3.23.8"

"@langchain/openai@^0.3.13", "@langchain/openai@>=0.1.0 <0.4.0", "@langchain/openai@~0.3.0":
  version "0.3.16"
  resolved "https://registry.npmjs.org/@langchain/openai/-/openai-0.3.16.tgz"
  integrity sha512-Om9HRlTeI0Ou6D4pfxbWHop4WGfkCdV/7v1W/+Jr7NSf0BNoA9jk5GqGms8ZtOYSGgPvitDu3i0TrM3B4cN4NA==
  dependencies:
    js-tiktoken "^1.0.12"
    openai "^4.77.0"
    zod "^3.22.4"
    zod-to-json-schema "^3.22.3"

"@langchain/textsplitters@>=0.0.0 <0.2.0":
  version "0.1.0"
  resolved "https://registry.npmjs.org/@langchain/textsplitters/-/textsplitters-0.1.0.tgz"
  integrity sha512-djI4uw9rlkAb5iMhtLED+xJebDdAG935AdP4eRTB02R7OB/act55Bj9wsskhZsvuyQRpO4O1wQOp85s6T6GWmw==
  dependencies:
    js-tiktoken "^1.0.12"

"@lightprotocol/compressed-token@^0.17.1":
  version "0.17.1"
  resolved "https://registry.npmjs.org/@lightprotocol/compressed-token/-/compressed-token-0.17.1.tgz"
  integrity sha512-493KCmZGw1BcHVRJaeRm8EEs+L7gX8dwY7JG13w2pfgOMtZXZ7Wxt261jFJxQJzRLTrUSlrbRJOmfW1+S1Y8SQ==
  dependencies:
    "@coral-xyz/anchor" "0.29.0"
    "@solana/spl-token" "0.4.8"
    "@solana/web3.js" "1.95.3"
    buffer "6.0.3"
    tweetnacl "1.0.3"

"@lightprotocol/stateless.js@^0.17.1", "@lightprotocol/stateless.js@0.17.1":
  version "0.17.1"
  resolved "https://registry.npmjs.org/@lightprotocol/stateless.js/-/stateless.js-0.17.1.tgz"
  integrity sha512-EjId1n33A6dBwpce33Wsa/fs/CDKtMtRrkxbApH0alXrnEXmbW6QhIViXOrKYXjZ4uJQM1xsBtsKe0vqJ4nbtQ==
  dependencies:
    "@coral-xyz/anchor" "0.29.0"
    "@noble/hashes" "1.5.0"
    "@solana/web3.js" "1.95.3"
    buffer "6.0.3"
    superstruct "2.0.2"
    tweetnacl "1.0.3"

"@metaplex-foundation/mpl-core@^1.1.1":
  version "1.1.1"
  resolved "https://registry.npmjs.org/@metaplex-foundation/mpl-core/-/mpl-core-1.1.1.tgz"
  integrity sha512-h1kLw+cGaV8SiykoHDb1/G01+VYqtJXAt0uGuO5+2Towsdtc6ET4M62iqUnh4EacTVMIW1yYHsKsG/LYWBCKaA==
  dependencies:
    "@msgpack/msgpack" "^3.0.0-beta2"

"@metaplex-foundation/mpl-token-metadata@^3.3.0":
  version "3.3.0"
  resolved "https://registry.npmjs.org/@metaplex-foundation/mpl-token-metadata/-/mpl-token-metadata-3.3.0.tgz"
  integrity sha512-t5vO8Wr3ZZZPGrVrGCe7Wszy3x8d0/blVZXLTbdRTbZ0gxwyAxKXbQXxILdv3aJBeJ05GoeI3oja2NirJ3Q==
  dependencies:
    "@metaplex-foundation/mpl-toolbox" "^0.9.4"

"@metaplex-foundation/mpl-toolbox@^0.9.4":
  version "0.9.4"
  resolved "https://registry.npmjs.org/@metaplex-foundation/mpl-toolbox/-/mpl-toolbox-0.9.4.tgz"
  integrity sha512-fd6JxfoLbj/MM8FG2x91KYVy1U6AjBQw4qjt7+Da3trzQaWnSaYHDcYRC1e722BVRAPi6o+WcoTT4uMSZVinPOtA==

"@metaplex-foundation/umi-bundle-defaults@^0.9.2":
  version "0.9.2"
  resolved "https://registry.npmjs.org/@metaplex-foundation/umi-bundle-defaults/-/umi-bundle-defaults-0.9.2.tgz"
  integrity sha512-kV3tfvgvRjVP1p9OFOtH+ibOtN9omVJSwKr0We4/9r45e5LTj+32su0V/rixZUkG1EZzzOYBsxhtIE0kIw/Hrw==
  dependencies:
    "@metaplex-foundation/umi-downloader-http" "^0.9.2"
    "@metaplex-foundation/umi-eddsa-web3js" "^0.9.2"
    "@metaplex-foundation/umi-http-fetch" "^0.9.2"
    "@metaplex-foundation/umi-program-repository" "^0.9.2"
    "@metaplex-foundation/umi-rpc-chunk-get-accounts" "^0.9.2"
    "@metaplex-foundation/umi-rpc-web3js" "^0.9.2"
    "@metaplex-foundation/umi-serializer-data-view" "^0.9.2"
    "@metaplex-foundation/umi-transaction-factory-web3js" "^0.9.2"

"@metaplex-foundation/umi-downloader-http@^0.9.2":
  version "0.9.2"
  resolved "https://registry.npmjs.org/@metaplex-foundation/umi-downloader-http/-/umi-downloader-http-0.9.2.tgz"
  integrity sha512-tzPT9hBwenzTzAQg07rmsrqZfgguAXELbcJrsYMoASp5VqWFXYIP00g94KET6XLjWUXH4P1J2zoa6hGennPXHA==

"@metaplex-foundation/umi-eddsa-web3js@^0.9.2":
  version "0.9.2"
  resolved "https://registry.npmjs.org/@metaplex-foundation/umi-eddsa-web3js/-/umi-eddsa-web3js-0.9.2.tgz"
  integrity sha512-hhPCxXbYIp4BC4z9gK78sXpWLkNSrfv4ndhF5roVbY8w8PnF2vzmS45CP1MLySEATNH6T9mD4Rs0tLb87iQyAQ==
  dependencies:
    "@metaplex-foundation/umi-web3js-adapters" "^0.9.2"
    "@noble/curves" "^1.0.0"

"@metaplex-foundation/umi-http-fetch@^0.9.2":
  version "0.9.2"
  resolved "https://registry.npmjs.org/@metaplex-foundation/umi-http-fetch/-/umi-http-fetch-0.9.2.tgz"
  integrity sha512-YCZuBu24T9ZzEDe4+w12LEZm/fO9pkyViZufGgASC5NX93814Lvf6Ssjn/hZzjfA7CvZbvLFbmujc6CV3Q/m9Q==
  dependencies:
    node-fetch "^2.6.7"

"@metaplex-foundation/umi-options@^0.8.9":
  version "0.8.9"
  resolved "https://registry.npmjs.org/@metaplex-foundation/umi-options/-/umi-options-0.8.9.tgz"
  integrity sha512-jSQ61sZMPSAk/TXn8v8fPqtz3x8d0/blVZXLLbpVbo2/T5XobiI6/MfmlUOfyXORkYXjIkNlw20yoTwOe3yJB3A==

"@metaplex-foundation/umi-program-repository@^0.9.2":
  version "0.9.2"
  resolved "https://registry.npmjs.org/@metaplex-foundation/umi-program-repository/-/umi-program-repository-0.9.2.tgz"
  integrity sha512-g3+FPqXEmYsBa8eETtUE2gb2Oe3mqac0z3/Ur1TvAg5TtIy3mzRzOy/nza+sgzejnfcxcVg835rmpBatsBnjDA==

"@metaplex-foundation/umi-public-keys@^0.8.9":
  version "0.8.9"
  resolved "https://registry.npmjs.org/@metaplex-foundation/umi-public-keys/-/umi-public-keys-0.8.9.tgz"
  integrity sha512-CxMzN7dgVGOq9OcNCJe2casKUpJ3RmTVoOvDFyeoTQuK+vkZ1YSSahbqC1iGuHEtKTLSjtWjKvUU6O7zWFTw3Q==
  dependencies:
    "@metaplex-foundation/umi-serializers-encodings" "^0.8.9"

"@metaplex-foundation/umi-rpc-chunk-get-accounts@^0.9.2":
  version "0.9.2"
  resolved "https://registry.npmjs.org/@metaplex-foundation/umi-rpc-chunk-get-accounts/-/umi-rpc-chunk-get-accounts-0.9.2.tgz"
  integrity sha512-YRwVf6xH0jPBAUgMhEPi+UbjitoAeqTXmjsN2TnmQCPAmHbrHrMRj0rlWYwFLWAgkmoxazYrXP9lqOFRrfOGAEA==

"@metaplex-foundation/umi-rpc-web3js@^0.9.2":
  version "0.9.2"
  resolved "https://registry.npmjs.org/@metaplex-foundation/umi-rpc-web3js/-/umi-rpc-web3js-0.9.2.tgz"
  integrity sha512-MqcsBz8B4wGl6jxsf2Je2ci0KYVy1U6AjBQw4qjt7+Da3trzQaWnSaYHDcYRC15QSjhvADHmYA3t53GXPlD87lnQ==
  dependencies:
    "@metaplex-foundation/umi-web3js-adapters" "^0.9.2"

"@metaplex-foundation/umi-serializer-data-view@^0.9.2":
  version "0.9.2"
  resolved "https://registry.npmjs.org/@metaplex-foundation/umi-serializer-data-view/-/umi-serializer-data-view-0.9.2.tgz"
  integrity sha512-5vGptadJxUxvUcyrwFZxXlEc6Q7AYySBesizCtrBFUY8w8PnF2vzmS45CP1MLySEATNH6T9mD4Rs0tLb87iQyA==

"@metaplex-foundation/umi-serializers-core@^0.8.9":
  version "0.8.9"
  resolved "https://registry.npmjs.org/@metaplex-foundation/umi-serializers-core/-/umi-serializers-core-0.8.9.tgz"
  integrity sha512-WT82tkiYJ0Qmscp7uTj1Hz6aWQPETwaKLAENAUN5DeWghkuBKtuxyBKVvEOuoXerJSdhiAk0e8DWA4cxcTTQ/w==

"@metaplex-foundation/umi-serializers-encodings@^0.8.9":
  version "0.8.9"
  resolved "https://registry.npmjs.org/@metaplex-foundation/umi-serializers-encodings/-/umi-serializers-encodings-0.8.9.tgz"
  integrity sha512-N3VWLDTJ0bzzMKcJDL08U3FaqRmwlN79FyE4BHj6bbAaJ9LEHjDQ9RJijZyWqTm0jE7I750fU7Ow5EZL38Xi6Q==
  dependencies:
    "@metaplex-foundation/umi-serializers-core" "^0.8.9"

"@metaplex-foundation/umi-serializers-numbers@^0.8.9":
  version "0.8.9"
  resolved "https://registry.npmjs.org/@metaplex-foundation/umi-serializers-numbers/-/umi-serializers-numbers-0.8.9.tgz"
  integrity sha512-NtBf1fnVNQJHFQjLFzRu2i9GGnigb9hOm/Gfrk628d0q0tRJB7BOM3bs5C61VAs7kJs4yd+pDNVAERJkknQ7Lg==
  dependencies:
    "@metaplex-foundation/umi-serializers-core" "^0.8.9"

"@metaplex-foundation/umi-serializers@^0.9.0":
  version "0.9.0"
  resolved "https://registry.npmjs.org/@metaplex-foundation/umi-serializers/-/umi-serializers-0.9.0.tgz"
  integrity sha512-hAOW9Djl4w4ioKeR4erDZl5IG4iJdP0xA19ZomdaCbMhYAAmG/FEs5khh0uT2mq53/MnzWcXSUPoO8WBN4Q+Vg==
  dependencies:
    "@metaplex-foundation/umi-options" "^0.8.9"
    "@metaplex-foundation/umi-public-keys" "^0.8.9"
    "@metaplex-foundation/umi-serializers-core" "^0.8.9"
    "@metaplex-foundation/umi-serializers-encodings" "^0.8.9"
    "@metaplex-foundation/umi-serializers-numbers" "^0.8.9"

"@metaplex-foundation/umi-transaction-factory-web3js@^0.9.2":
  version "0.9.2"
  resolved "https://registry.npmjs.org/@metaplex-foundation/umi-transaction-factory-web3js/-/umi-transaction-factory-web3js-0.9.2.tgz"
  integrity sha512-fR1Kf21uylMFd1Smkltmj4jTNxhqSWf416owsJ+T+cvJi2VCOcOwq/3UFzOrpz78fA0RhsajKYKj0HYsRnQiAQ==
  dependencies:
    "@metaplex-foundation/umi-web3js-adapters" "^0.9.2"

"@metaplex-foundation/umi-web3js-adapters@^0.9.2":
  version "0.9.2"
  resolved "https://registry.npmjs.org/@metaplex-foundation/umi-web3js-adapters/-/umi-web3js-adapters-0.9.2.tgz"
  integrity sha512-RQqUTtHYY9fmEMnq7s3Hiv/81flGaoI0ZVVoafnFVaQLnxU6QBKxtboRZHk43XtD9CqCd1YI3tJd5XjYE1ElBw==
  dependencies:
    buffer "^6.0.3"

"@metaplex-foundation/umi@^0.9.2", "@metaplex-foundation/umi@>= 0.8.2 < 1", "@metaplex-foundation/umi@>=0.8.2 < 1":
  version "0.9.2"
  resolved "https://registry.npmjs.org/@metaplex-foundation/umi/-/umi-0.9.2.tgz"
  integrity sha512-9i4Acm4pruQfJcpR4erDZl5IG4iJdP0xA19ZomdaCbMhYAAmG/FEs5khh0uT2mq53/MnzWcXSUPoO8WBN4Q+Vg==
  dependencies:
    "@metaplex-foundation/umi-options" "^0.8.9"
    "@metaplex-foundation/umi-public-keys" "^0.8.9"
    "@metaplex-foundation/umi-serializers" "^0.9.0"

"@msgpack/msgpack@^3.0.0-beta2":
  version "3.0.0-beta2"
  resolved "https://registry.npmjs.org/@msgpack/msgpack/-/msgpack-3.0.0-beta2.tgz"
  integrity sha512-y+l1PNV0XDyY8sM3YtuMLK5vE3/hkfId+Do8pLo/OPxfxuFAUwcGz3oiiUuV46/aBpwTzZ+mRWVMtlSKbradhw==

"oracl-frontend@file:apps/frontend":
  version "0.1.0"
  # ... rest of dependencies

"oracl-backend@file:apps/backend":
  version "1.0.0"
  # ... rest of dependencies

"oracl@workspace:.":
  version "0.1.0"
  # ... rest of configuration
